
Microsoft Visual Studio Solution File, Format Version 12.00
# Visual Studio Version 17
VisualStudioVersion = 17.12.35506.116 d17.12
MinimumVisualStudioVersion = 10.0.40219.1
Project("{2150E333-8FDC-42A3-9474-1A3956D46DE8}") = "src", "src", "{7481F42E-C0D3-4D09-8316-F8EFF31C1C7F}"
EndProject
Project("{FAE04EC0-301F-11D3-BF4B-00C04F79EFBC}") = "chd.Poomsae.Scoring.App", "src\chd.Poomsae.Scoring.App\chd.Poomsae.Scoring.App.csproj", "{6BB4DCFB-6622-4462-B326-0FFD0E9C75DB}"
EndProject
Project("{FAE04EC0-301F-11D3-BF4B-00C04F79EFBC}") = "chd.Poomsae.Scoring.UI", "src\chd.Poomsae.Scoring.UI\chd.Poomsae.Scoring.UI.csproj", "{ED66FC47-F6B1-4B86-B052-7D5E54BB4CA9}"
EndProject
Project("{FAE04EC0-301F-11D3-BF4B-00C04F79EFBC}") = "chd.Poomsae.Scoring.Contracts", "src\chd.Poomsae.Scoring.Contracts\chd.Poomsae.Scoring.Contracts.csproj", "{B0B32D85-8A86-44F1-B4B2-D2FF7436F318}"
EndProject
Project("{FAE04EC0-301F-11D3-BF4B-00C04F79EFBC}") = "chd.Poomsae.Scoring.WPF", "src\chd.Poomsae.Scoring.WPF\chd.Poomsae.Scoring.WPF.csproj", "{3226BABF-1DF5-480B-A4A1-BC1E1CA3C5D9}"
EndProject
Global
	GlobalSection(SolutionConfigurationPlatforms) = preSolution
		Debug|Any CPU = Debug|Any CPU
		Release|Any CPU = Release|Any CPU
	EndGlobalSection
	GlobalSection(ProjectConfigurationPlatforms) = postSolution
		{6BB4DCFB-6622-4462-B326-0FFD0E9C75DB}.Debug|Any CPU.ActiveCfg = Debug|Any CPU
		{6BB4DCFB-6622-4462-B326-0FFD0E9C75DB}.Debug|Any CPU.Build.0 = Debug|Any CPU
		{6BB4DCFB-6622-4462-B326-0FFD0E9C75DB}.Release|Any CPU.ActiveCfg = Release|Any CPU
		{6BB4DCFB-6622-4462-B326-0FFD0E9C75DB}.Release|Any CPU.Build.0 = Release|Any CPU
		{ED66FC47-F6B1-4B86-B052-7D5E54BB4CA9}.Debug|Any CPU.ActiveCfg = Debug|Any CPU
		{ED66FC47-F6B1-4B86-B052-7D5E54BB4CA9}.Debug|Any CPU.Build.0 = Debug|Any CPU
		{ED66FC47-F6B1-4B86-B052-7D5E54BB4CA9}.Release|Any CPU.ActiveCfg = Release|Any CPU
		{ED66FC47-F6B1-4B86-B052-7D5E54BB4CA9}.Release|Any CPU.Build.0 = Release|Any CPU
		{B0B32D85-8A86-44F1-B4B2-D2FF7436F318}.Debug|Any CPU.ActiveCfg = Debug|Any CPU
		{B0B32D85-8A86-44F1-B4B2-D2FF7436F318}.Debug|Any CPU.Build.0 = Debug|Any CPU
		{B0B32D85-8A86-44F1-B4B2-D2FF7436F318}.Release|Any CPU.ActiveCfg = Release|Any CPU
		{B0B32D85-8A86-44F1-B4B2-D2FF7436F318}.Release|Any CPU.Build.0 = Release|Any CPU
		{3226BABF-1DF5-480B-A4A1-BC1E1CA3C5D9}.Debug|Any CPU.ActiveCfg = Debug|Any CPU
		{3226BABF-1DF5-480B-A4A1-BC1E1CA3C5D9}.Debug|Any CPU.Build.0 = Debug|Any CPU
		{3226BABF-1DF5-480B-A4A1-BC1E1CA3C5D9}.Release|Any CPU.ActiveCfg = Release|Any CPU
		{3226BABF-1DF5-480B-A4A1-BC1E1CA3C5D9}.Release|Any CPU.Build.0 = Release|Any CPU
	EndGlobalSection
	GlobalSection(SolutionProperties) = preSolution
		HideSolutionNode = FALSE
	EndGlobalSection
	GlobalSection(NestedProjects) = preSolution
		{6BB4DCFB-6622-4462-B326-0FFD0E9C75DB} = {7481F42E-C0D3-4D09-8316-F8EFF31C1C7F}
		{ED66FC47-F6B1-4B86-B052-7D5E54BB4CA9} = {7481F42E-C0D3-4D09-8316-F8EFF31C1C7F}
		{B0B32D85-8A86-44F1-B4B2-D2FF7436F318} = {7481F42E-C0D3-4D09-8316-F8EFF31C1C7F}
		{3226BABF-1DF5-480B-A4A1-BC1E1CA3C5D9} = {7481F42E-C0D3-4D09-8316-F8EFF31C1C7F}
	EndGlobalSection
EndGlobal
